
Microsoft Visual Studio Solution File, Format Version 12.00
# Visual Studio Version 16
VisualStudioVersion = 16.0.31112.23
MinimumVisualStudioVersion = 10.0.40219.1
Project("{9A19103F-16F7-4668-BE54-9A1E7A4F7556}") = "iWonder", "iWonder.csproj", "{1F04CE06-768A-4E72-8672-AA9A20EAD503}"
EndProject
Project("{9A19103F-16F7-4668-BE54-9A1E7A4F7556}") = "Entities", "..\Entities\Entities.csproj", "{C3A55D89-B669-4E89-8AD1-77E52FCF40F6}"
EndProject
Project("{FAE04EC0-301F-11D3-BF4B-00C04F79EFBC}") = "Logger", "..\Logger\Logger.csproj", "{2711AD71-DE80-4510-A753-3174599890FB}"
EndProject
Project("{FAE04EC0-301F-11D3-BF4B-00C04F79EFBC}") = "Contracts", "..\Contracts\Contracts.csproj", "{023561DE-8FD5-4D72-BCC1-D56E766979D9}"
EndProject
Project("{FAE04EC0-301F-11D3-BF4B-00C04F79EFBC}") = "Repository", "..\Repository\Repository.csproj", "{A46EB93B-C52E-4A79-880E-D766C2A31D95}"
EndProject
Global
	GlobalSection(SolutionConfigurationPlatforms) = preSolution
		Debug|Any CPU = Debug|Any CPU
		Release|Any CPU = Release|Any CPU
	EndGlobalSection
	GlobalSection(ProjectConfigurationPlatforms) = postSolution
		{1F04CE06-768A-4E72-8672-AA9A20EAD503}.Debug|Any CPU.ActiveCfg = Debug|Any CPU
		{1F04CE06-768A-4E72-8672-AA9A20EAD503}.Debug|Any CPU.Build.0 = Debug|Any CPU
		{1F04CE06-768A-4E72-8672-AA9A20EAD503}.Release|Any CPU.ActiveCfg = Release|Any CPU
		{1F04CE06-768A-4E72-8672-AA9A20EAD503}.Release|Any CPU.Build.0 = Release|Any CPU
		{C3A55D89-B669-4E89-8AD1-77E52FCF40F6}.Debug|Any CPU.ActiveCfg = Debug|Any CPU
		{C3A55D89-B669-4E89-8AD1-77E52FCF40F6}.Debug|Any CPU.Build.0 = Debug|Any CPU
		{C3A55D89-B669-4E89-8AD1-77E52FCF40F6}.Release|Any CPU.ActiveCfg = Release|Any CPU
		{C3A55D89-B669-4E89-8AD1-77E52FCF40F6}.Release|Any CPU.Build.0 = Release|Any CPU
		{2711AD71-DE80-4510-A753-3174599890FB}.Debug|Any CPU.ActiveCfg = Debug|Any CPU
		{2711AD71-DE80-4510-A753-3174599890FB}.Debug|Any CPU.Build.0 = Debug|Any CPU
		{2711AD71-DE80-4510-A753-3174599890FB}.Release|Any CPU.ActiveCfg = Release|Any CPU
		{2711AD71-DE80-4510-A753-3174599890FB}.Release|Any CPU.Build.0 = Release|Any CPU
		{023561DE-8FD5-4D72-BCC1-D56E766979D9}.Debug|Any CPU.ActiveCfg = Debug|Any CPU
		{023561DE-8FD5-4D72-BCC1-D56E766979D9}.Debug|Any CPU.Build.0 = Debug|Any CPU
		{023561DE-8FD5-4D72-BCC1-D56E766979D9}.Release|Any CPU.ActiveCfg = Release|Any CPU
		{023561DE-8FD5-4D72-BCC1-D56E766979D9}.Release|Any CPU.Build.0 = Release|Any CPU
		{A46EB93B-C52E-4A79-880E-D766C2A31D95}.Debug|Any CPU.ActiveCfg = Debug|Any CPU
		{A46EB93B-C52E-4A79-880E-D766C2A31D95}.Debug|Any CPU.Build.0 = Debug|Any CPU
		{A46EB93B-C52E-4A79-880E-D766C2A31D95}.Release|Any CPU.ActiveCfg = Release|Any CPU
		{A46EB93B-C52E-4A79-880E-D766C2A31D95}.Release|Any CPU.Build.0 = Release|Any CPU
	EndGlobalSection
	GlobalSection(SolutionProperties) = preSolution
		HideSolutionNode = FALSE
	EndGlobalSection
	GlobalSection(ExtensibilityGlobals) = postSolution
		SolutionGuid = {BFD8A402-AB68-4628-AF6B-E9CC5BD903E8}
	EndGlobalSection
EndGlobal
